# This file is automatically @generated by Cargo.
# It is not intended for manual editing.
[[package]]
name = "codemaker"
version = "0.0.1"

[[package]]
name = "codemaker_python"
version = "0.0.1"
dependencies = [
 "codemaker",
]

[[package]]
name = "codemaker_sample"
version = "0.0.1"
dependencies = [
 "codemaker",
 "codemaker_python",
]
